// !$*UTF8*$!
{
	archiveVersion = 1;
	classes = {
	};
	objectVersion = 48;
	objects = {

/* Begin PBXBuildFile section */
		1EFE5FD057082A2E2F871E51 /* Pods_FIREAIOT.framework in Frameworks */ = {isa = PBXBuildFile; fileRef = 80B0DFB100F9012DA9253228 /* Pods_FIREAIOT.framework */; };
		642B8EB220B1C05A0080CCE5 /* FireAlarmController.swift in Sources */ = {isa = PBXBuildFile; fileRef = 642B8EB120B1C05A0080CCE5 /* FireAlarmController.swift */; };
		642CB21E2099F89A000DE6D1 /* UIColor.swift in Sources */ = {isa = PBXBuildFile; fileRef = 642CB2192099F89A000DE6D1 /* UIColor.swift */; };
		642CB21F2099F89A000DE6D1 /* UINavigationBar.swift in Sources */ = {isa = PBXBuildFile; fileRef = 642CB21A2099F89A000DE6D1 /* UINavigationBar.swift */; };
		642CB2202099F89A000DE6D1 /* UIStackView.swift in Sources */ = {isa = PBXBuildFile; fileRef = 642CB21B2099F89A000DE6D1 /* UIStackView.swift */; };
		642CB2212099F89A000DE6D1 /* UIView.swift in Sources */ = {isa = PBXBuildFile; fileRef = 642CB21C2099F89A000DE6D1 /* UIView.swift */; };
		642CB2222099F89A000DE6D1 /* UserDefaults.swift in Sources */ = {isa = PBXBuildFile; fileRef = 642CB21D2099F89A000DE6D1 /* UserDefaults.swift */; };
		64318B3C20A1CB8A00ADE9F7 /* Env.swift in Sources */ = {isa = PBXBuildFile; fileRef = 64318B3B20A1CB8A00ADE9F7 /* Env.swift */; };
		64318B4620A1CD1F00ADE9F7 /* DatasourceController.swift in Sources */ = {isa = PBXBuildFile; fileRef = 64318B3F20A1CD1E00ADE9F7 /* DatasourceController.swift */; };
		64318B4720A1CD1F00ADE9F7 /* DatasourceCell.swift in Sources */ = {isa = PBXBuildFile; fileRef = 64318B4020A1CD1E00ADE9F7 /* DatasourceCell.swift */; };
		64318B4820A1CD1F00ADE9F7 /* Datasource.swift in Sources */ = {isa = PBXBuildFile; fileRef = 64318B4120A1CD1E00ADE9F7 /* Datasource.swift */; };
		64318B4920A1CD1F00ADE9F7 /* DefaultFooter.swift in Sources */ = {isa = PBXBuildFile; fileRef = 64318B4220A1CD1E00ADE9F7 /* DefaultFooter.swift */; };
		64318B4A20A1CD1F00ADE9F7 /* FormDatasource.swift in Sources */ = {isa = PBXBuildFile; fileRef = 64318B4320A1CD1E00ADE9F7 /* FormDatasource.swift */; };
		64318B4B20A1CD1F00ADE9F7 /* DefaultCell.swift in Sources */ = {isa = PBXBuildFile; fileRef = 64318B4420A1CD1E00ADE9F7 /* DefaultCell.swift */; };
		64318B4C20A1CD1F00ADE9F7 /* DefaultHeader.swift in Sources */ = {isa = PBXBuildFile; fileRef = 64318B4520A1CD1F00ADE9F7 /* DefaultHeader.swift */; };
		64318B4F20A1CD6A00ADE9F7 /* Section.swift in Sources */ = {isa = PBXBuildFile; fileRef = 64318B4E20A1CD6A00ADE9F7 /* Section.swift */; };
		64318B7520A1CD8700ADE9F7 /* List.swift in Sources */ = {isa = PBXBuildFile; fileRef = 64318B5220A1CD8500ADE9F7 /* List.swift */; };
		64318B7620A1CD8700ADE9F7 /* ListItem.swift in Sources */ = {isa = PBXBuildFile; fileRef = 64318B5320A1CD8500ADE9F7 /* ListItem.swift */; };
		64318B7720A1CD8700ADE9F7 /* ListItemCell.swift in Sources */ = {isa = PBXBuildFile; fileRef = 64318B5420A1CD8500ADE9F7 /* ListItemCell.swift */; };
		64318B7820A1CD8700ADE9F7 /* ListItemIndicator.swift in Sources */ = {isa = PBXBuildFile; fileRef = 64318B5520A1CD8500ADE9F7 /* ListItemIndicator.swift */; };
		64318B7920A1CD8700ADE9F7 /* BaseTableViewCell.swift in Sources */ = {isa = PBXBuildFile; fileRef = 64318B5620A1CD8500ADE9F7 /* BaseTableViewCell.swift */; };
		64318B7A20A1CD8700ADE9F7 /* Spacer.swift in Sources */ = {isa = PBXBuildFile; fileRef = 64318B5720A1CD8500ADE9F7 /* Spacer.swift */; };
		64318B7B20A1CD8700ADE9F7 /* TextField.swift in Sources */ = {isa = PBXBuildFile; fileRef = 64318B5920A1CD8600ADE9F7 /* TextField.swift */; };
		64318B7C20A1CD8700ADE9F7 /* TextView.swift in Sources */ = {isa = PBXBuildFile; fileRef = 64318B5A20A1CD8600ADE9F7 /* TextView.swift */; };
		64318B7D20A1CD8700ADE9F7 /* BaseView.swift in Sources */ = {isa = PBXBuildFile; fileRef = 64318B5B20A1CD8600ADE9F7 /* BaseView.swift */; };
		64318B7E20A1CD8700ADE9F7 /* HorizontalDevider.swift in Sources */ = {isa = PBXBuildFile; fileRef = 64318B5C20A1CD8600ADE9F7 /* HorizontalDevider.swift */; };
		64318B7F20A1CD8700ADE9F7 /* Button.swift in Sources */ = {isa = PBXBuildFile; fileRef = 64318B5E20A1CD8600ADE9F7 /* Button.swift */; };
		64318B8020A1CD8700ADE9F7 /* ButtonTypes.swift in Sources */ = {isa = PBXBuildFile; fileRef = 64318B5F20A1CD8600ADE9F7 /* ButtonTypes.swift */; };
		64318B8120A1CD8700ADE9F7 /* Label.swift in Sources */ = {isa = PBXBuildFile; fileRef = 64318B6020A1CD8700ADE9F7 /* Label.swift */; };
		64318B8220A1CD8700ADE9F7 /* BadgeViewPresenter.swift in Sources */ = {isa = PBXBuildFile; fileRef = 64318B6320A1CD8700ADE9F7 /* BadgeViewPresenter.swift */; };
		64318B8320A1CD8700ADE9F7 /* BadgeWithCounterView.swift in Sources */ = {isa = PBXBuildFile; fileRef = 64318B6520A1CD8700ADE9F7 /* BadgeWithCounterView.swift */; };
		64318B8420A1CD8700ADE9F7 /* BadgeWithCounterViewBigSized.xib in Resources */ = {isa = PBXBuildFile; fileRef = 64318B6620A1CD8700ADE9F7 /* BadgeWithCounterViewBigSized.xib */; };
		64318B8520A1CD8700ADE9F7 /* BadgeWithCounterViewStandardSized.xib in Resources */ = {isa = PBXBuildFile; fileRef = 64318B6720A1CD8700ADE9F7 /* BadgeWithCounterViewStandardSized.xib */; };
		64318B8620A1CD8700ADE9F7 /* SegmentCell.swift in Sources */ = {isa = PBXBuildFile; fileRef = 64318B6920A1CD8700ADE9F7 /* SegmentCell.swift */; };
		64318B8720A1CD8700ADE9F7 /* SegmentCellWithImage.swift in Sources */ = {isa = PBXBuildFile; fileRef = 64318B6A20A1CD8700ADE9F7 /* SegmentCellWithImage.swift */; };
		64318B8820A1CD8700ADE9F7 /* SegmentCellWithImageAfterLabel.swift in Sources */ = {isa = PBXBuildFile; fileRef = 64318B6B20A1CD8700ADE9F7 /* SegmentCellWithImageAfterLabel.swift */; };
		64318B8920A1CD8700ADE9F7 /* SegmentCellWithImageBeforeLabel.swift in Sources */ = {isa = PBXBuildFile; fileRef = 64318B6C20A1CD8700ADE9F7 /* SegmentCellWithImageBeforeLabel.swift */; };
		64318B8A20A1CD8700ADE9F7 /* SegmentCellWithImageOverLabel.swift in Sources */ = {isa = PBXBuildFile; fileRef = 64318B6D20A1CD8700ADE9F7 /* SegmentCellWithImageOverLabel.swift */; };
		64318B8B20A1CD8700ADE9F7 /* SegmentCellWithImageUnderLabel.swift in Sources */ = {isa = PBXBuildFile; fileRef = 64318B6E20A1CD8700ADE9F7 /* SegmentCellWithImageUnderLabel.swift */; };
		64318B8C20A1CD8700ADE9F7 /* SegmentCellWithLabel.swift in Sources */ = {isa = PBXBuildFile; fileRef = 64318B6F20A1CD8700ADE9F7 /* SegmentCellWithLabel.swift */; };
		64318B8D20A1CD8700ADE9F7 /* RoundImageView.swift in Sources */ = {isa = PBXBuildFile; fileRef = 64318B7120A1CD8700ADE9F7 /* RoundImageView.swift */; };
		64318B8E20A1CD8700ADE9F7 /* UIView+Appearance.swift in Sources */ = {isa = PBXBuildFile; fileRef = 64318B7220A1CD8700ADE9F7 /* UIView+Appearance.swift */; };
		64318B8F20A1CD8700ADE9F7 /* Segment.swift in Sources */ = {isa = PBXBuildFile; fileRef = 64318B7320A1CD8700ADE9F7 /* Segment.swift */; };
		64318B9020A1CD8700ADE9F7 /* SegmentOptions.swift in Sources */ = {isa = PBXBuildFile; fileRef = 64318B7420A1CD8700ADE9F7 /* SegmentOptions.swift */; };
		64318B9420A1CE2400ADE9F7 /* UIConstants.swift in Sources */ = {isa = PBXBuildFile; fileRef = 64318B9320A1CE2400ADE9F7 /* UIConstants.swift */; };
		64318B9920A1CE8400ADE9F7 /* Authorizable.swift in Sources */ = {isa = PBXBuildFile; fileRef = 64318B9720A1CE8400ADE9F7 /* Authorizable.swift */; };
		64318B9A20A1CE8400ADE9F7 /* Frameable.swift in Sources */ = {isa = PBXBuildFile; fileRef = 64318B9820A1CE8400ADE9F7 /* Frameable.swift */; };
		6444410720B1B11900308CD4 /* RegisterViewController.swift in Sources */ = {isa = PBXBuildFile; fileRef = 6444410520B1B11800308CD4 /* RegisterViewController.swift */; };
		6444410820B1B11900308CD4 /* LoginViewController.swift in Sources */ = {isa = PBXBuildFile; fileRef = 6444410620B1B11900308CD4 /* LoginViewController.swift */; };
		6444410B20B1B13700308CD4 /* RegisterFormController.swift in Sources */ = {isa = PBXBuildFile; fileRef = 6444410920B1B13700308CD4 /* RegisterFormController.swift */; };
		6444410C20B1B13700308CD4 /* LoginFormController.swift in Sources */ = {isa = PBXBuildFile; fileRef = 6444410A20B1B13700308CD4 /* LoginFormController.swift */; };
		6444410F20B1B18400308CD4 /* AuthErrorCodes.swift in Sources */ = {isa = PBXBuildFile; fileRef = 6444410D20B1B18400308CD4 /* AuthErrorCodes.swift */; };
		6444411020B1B18400308CD4 /* Auth.swift in Sources */ = {isa = PBXBuildFile; fileRef = 6444410E20B1B18400308CD4 /* Auth.swift */; };
		6444411320B1B18A00308CD4 /* Route.swift in Sources */ = {isa = PBXBuildFile; fileRef = 6444411120B1B18A00308CD4 /* Route.swift */; };
		6444411420B1B18A00308CD4 /* Server.swift in Sources */ = {isa = PBXBuildFile; fileRef = 6444411220B1B18A00308CD4 /* Server.swift */; };
		6444411E20B1B27800308CD4 /* User.swift in Sources */ = {isa = PBXBuildFile; fileRef = 6444411920B1B27800308CD4 /* User.swift */; };
		6489F61C20A4BD6700E5B2D6 /* HomeView.swift in Sources */ = {isa = PBXBuildFile; fileRef = 6489F61B20A4BD6700E5B2D6 /* HomeView.swift */; };
		64F38FA52099E53400B4D22D /* AppDelegate.swift in Sources */ = {isa = PBXBuildFile; fileRef = 64F38FA42099E53400B4D22D /* AppDelegate.swift */; };
		64F38FA72099E53400B4D22D /* HomeViewController.swift in Sources */ = {isa = PBXBuildFile; fileRef = 64F38FA62099E53400B4D22D /* HomeViewController.swift */; };
		64F38FAC2099E53400B4D22D /* Assets.xcassets in Resources */ = {isa = PBXBuildFile; fileRef = 64F38FAB2099E53400B4D22D /* Assets.xcassets */; };
		64F38FAF2099E53400B4D22D /* LaunchScreen.storyboard in Resources */ = {isa = PBXBuildFile; fileRef = 64F38FAD2099E53400B4D22D /* LaunchScreen.storyboard */; };
/* End PBXBuildFile section */

/* Begin PBXFileReference section */
		2C5ADDED66FC667324619CFA /* Pods-FIREAIOT.release.xcconfig */ = {isa = PBXFileReference; includeInIndex = 1; lastKnownFileType = text.xcconfig; name = "Pods-FIREAIOT.release.xcconfig"; path = "Pods/Target Support Files/Pods-FIREAIOT/Pods-FIREAIOT.release.xcconfig"; sourceTree = "<group>"; };
		3A84A11FFB7EA3BFEB9BAD66 /* Pods-FIREAIOT.debug.xcconfig */ = {isa = PBXFileReference; includeInIndex = 1; lastKnownFileType = text.xcconfig; name = "Pods-FIREAIOT.debug.xcconfig"; path = "Pods/Target Support Files/Pods-FIREAIOT/Pods-FIREAIOT.debug.xcconfig"; sourceTree = "<group>"; };
		642B8EB120B1C05A0080CCE5 /* FireAlarmController.swift */ = {isa = PBXFileReference; lastKnownFileType = sourcecode.swift; path = FireAlarmController.swift; sourceTree = "<group>"; };
		642CB2192099F89A000DE6D1 /* UIColor.swift */ = {isa = PBXFileReference; fileEncoding = 4; lastKnownFileType = sourcecode.swift; path = UIColor.swift; sourceTree = "<group>"; };
		642CB21A2099F89A000DE6D1 /* UINavigationBar.swift */ = {isa = PBXFileReference; fileEncoding = 4; lastKnownFileType = sourcecode.swift; path = UINavigationBar.swift; sourceTree = "<group>"; };
		642CB21B2099F89A000DE6D1 /* UIStackView.swift */ = {isa = PBXFileReference; fileEncoding = 4; lastKnownFileType = sourcecode.swift; path = UIStackView.swift; sourceTree = "<group>"; };
		642CB21C2099F89A000DE6D1 /* UIView.swift */ = {isa = PBXFileReference; fileEncoding = 4; lastKnownFileType = sourcecode.swift; path = UIView.swift; sourceTree = "<group>"; };
		642CB21D2099F89A000DE6D1 /* UserDefaults.swift */ = {isa = PBXFileReference; fileEncoding = 4; lastKnownFileType = sourcecode.swift; path = UserDefaults.swift; sourceTree = "<group>"; };
		64318B3B20A1CB8A00ADE9F7 /* Env.swift */ = {isa = PBXFileReference; lastKnownFileType = sourcecode.swift; path = Env.swift; sourceTree = "<group>"; };
		64318B3F20A1CD1E00ADE9F7 /* DatasourceController.swift */ = {isa = PBXFileReference; fileEncoding = 4; lastKnownFileType = sourcecode.swift; path = DatasourceController.swift; sourceTree = "<group>"; };
		64318B4020A1CD1E00ADE9F7 /* DatasourceCell.swift */ = {isa = PBXFileReference; fileEncoding = 4; lastKnownFileType = sourcecode.swift; path = DatasourceCell.swift; sourceTree = "<group>"; };
		64318B4120A1CD1E00ADE9F7 /* Datasource.swift */ = {isa = PBXFileReference; fileEncoding = 4; lastKnownFileType = sourcecode.swift; path = Datasource.swift; sourceTree = "<group>"; };
		64318B4220A1CD1E00ADE9F7 /* DefaultFooter.swift */ = {isa = PBXFileReference; fileEncoding = 4; lastKnownFileType = sourcecode.swift; path = DefaultFooter.swift; sourceTree = "<group>"; };
		64318B4320A1CD1E00ADE9F7 /* FormDatasource.swift */ = {isa = PBXFileReference; fileEncoding = 4; lastKnownFileType = sourcecode.swift; path = FormDatasource.swift; sourceTree = "<group>"; };
		64318B4420A1CD1E00ADE9F7 /* DefaultCell.swift */ = {isa = PBXFileReference; fileEncoding = 4; lastKnownFileType = sourcecode.swift; path = DefaultCell.swift; sourceTree = "<group>"; };
		64318B4520A1CD1F00ADE9F7 /* DefaultHeader.swift */ = {isa = PBXFileReference; fileEncoding = 4; lastKnownFileType = sourcecode.swift; path = DefaultHeader.swift; sourceTree = "<group>"; };
		64318B4E20A1CD6A00ADE9F7 /* Section.swift */ = {isa = PBXFileReference; fileEncoding = 4; lastKnownFileType = sourcecode.swift; path = Section.swift; sourceTree = "<group>"; };
		64318B5220A1CD8500ADE9F7 /* List.swift */ = {isa = PBXFileReference; fileEncoding = 4; lastKnownFileType = sourcecode.swift; path = List.swift; sourceTree = "<group>"; };
		64318B5320A1CD8500ADE9F7 /* ListItem.swift */ = {isa = PBXFileReference; fileEncoding = 4; lastKnownFileType = sourcecode.swift; path = ListItem.swift; sourceTree = "<group>"; };
		64318B5420A1CD8500ADE9F7 /* ListItemCell.swift */ = {isa = PBXFileReference; fileEncoding = 4; lastKnownFileType = sourcecode.swift; path = ListItemCell.swift; sourceTree = "<group>"; };
		64318B5520A1CD8500ADE9F7 /* ListItemIndicator.swift */ = {isa = PBXFileReference; fileEncoding = 4; lastKnownFileType = sourcecode.swift; path = ListItemIndicator.swift; sourceTree = "<group>"; };
		64318B5620A1CD8500ADE9F7 /* BaseTableViewCell.swift */ = {isa = PBXFileReference; fileEncoding = 4; lastKnownFileType = sourcecode.swift; path = BaseTableViewCell.swift; sourceTree = "<group>"; };
		64318B5720A1CD8500ADE9F7 /* Spacer.swift */ = {isa = PBXFileReference; fileEncoding = 4; lastKnownFileType = sourcecode.swift; path = Spacer.swift; sourceTree = "<group>"; };
		64318B5920A1CD8600ADE9F7 /* TextField.swift */ = {isa = PBXFileReference; fileEncoding = 4; lastKnownFileType = sourcecode.swift; path = TextField.swift; sourceTree = "<group>"; };
		64318B5A20A1CD8600ADE9F7 /* TextView.swift */ = {isa = PBXFileReference; fileEncoding = 4; lastKnownFileType = sourcecode.swift; path = TextView.swift; sourceTree = "<group>"; };
		64318B5B20A1CD8600ADE9F7 /* BaseView.swift */ = {isa = PBXFileReference; fileEncoding = 4; lastKnownFileType = sourcecode.swift; path = BaseView.swift; sourceTree = "<group>"; };
		64318B5C20A1CD8600ADE9F7 /* HorizontalDevider.swift */ = {isa = PBXFileReference; fileEncoding = 4; lastKnownFileType = sourcecode.swift; path = HorizontalDevider.swift; sourceTree = "<group>"; };
		64318B5E20A1CD8600ADE9F7 /* Button.swift */ = {isa = PBXFileReference; fileEncoding = 4; lastKnownFileType = sourcecode.swift; path = Button.swift; sourceTree = "<group>"; };
		64318B5F20A1CD8600ADE9F7 /* ButtonTypes.swift */ = {isa = PBXFileReference; fileEncoding = 4; lastKnownFileType = sourcecode.swift; path = ButtonTypes.swift; sourceTree = "<group>"; };
		64318B6020A1CD8700ADE9F7 /* Label.swift */ = {isa = PBXFileReference; fileEncoding = 4; lastKnownFileType = sourcecode.swift; path = Label.swift; sourceTree = "<group>"; };
		64318B6320A1CD8700ADE9F7 /* BadgeViewPresenter.swift */ = {isa = PBXFileReference; fileEncoding = 4; lastKnownFileType = sourcecode.swift; path = BadgeViewPresenter.swift; sourceTree = "<group>"; };
		64318B6520A1CD8700ADE9F7 /* BadgeWithCounterView.swift */ = {isa = PBXFileReference; fileEncoding = 4; lastKnownFileType = sourcecode.swift; path = BadgeWithCounterView.swift; sourceTree = "<group>"; };
		64318B6620A1CD8700ADE9F7 /* BadgeWithCounterViewBigSized.xib */ = {isa = PBXFileReference; fileEncoding = 4; lastKnownFileType = file.xib; path = BadgeWithCounterViewBigSized.xib; sourceTree = "<group>"; };
		64318B6720A1CD8700ADE9F7 /* BadgeWithCounterViewStandardSized.xib */ = {isa = PBXFileReference; fileEncoding = 4; lastKnownFileType = file.xib; path = BadgeWithCounterViewStandardSized.xib; sourceTree = "<group>"; };
		64318B6920A1CD8700ADE9F7 /* SegmentCell.swift */ = {isa = PBXFileReference; fileEncoding = 4; lastKnownFileType = sourcecode.swift; path = SegmentCell.swift; sourceTree = "<group>"; };
		64318B6A20A1CD8700ADE9F7 /* SegmentCellWithImage.swift */ = {isa = PBXFileReference; fileEncoding = 4; lastKnownFileType = sourcecode.swift; path = SegmentCellWithImage.swift; sourceTree = "<group>"; };
		64318B6B20A1CD8700ADE9F7 /* SegmentCellWithImageAfterLabel.swift */ = {isa = PBXFileReference; fileEncoding = 4; lastKnownFileType = sourcecode.swift; path = SegmentCellWithImageAfterLabel.swift; sourceTree = "<group>"; };
		64318B6C20A1CD8700ADE9F7 /* SegmentCellWithImageBeforeLabel.swift */ = {isa = PBXFileReference; fileEncoding = 4; lastKnownFileType = sourcecode.swift; path = SegmentCellWithImageBeforeLabel.swift; sourceTree = "<group>"; };
		64318B6D20A1CD8700ADE9F7 /* SegmentCellWithImageOverLabel.swift */ = {isa = PBXFileReference; fileEncoding = 4; lastKnownFileType = sourcecode.swift; path = SegmentCellWithImageOverLabel.swift; sourceTree = "<group>"; };
		64318B6E20A1CD8700ADE9F7 /* SegmentCellWithImageUnderLabel.swift */ = {isa = PBXFileReference; fileEncoding = 4; lastKnownFileType = sourcecode.swift; path = SegmentCellWithImageUnderLabel.swift; sourceTree = "<group>"; };
		64318B6F20A1CD8700ADE9F7 /* SegmentCellWithLabel.swift */ = {isa = PBXFileReference; fileEncoding = 4; lastKnownFileType = sourcecode.swift; path = SegmentCellWithLabel.swift; sourceTree = "<group>"; };
		64318B7120A1CD8700ADE9F7 /* RoundImageView.swift */ = {isa = PBXFileReference; fileEncoding = 4; lastKnownFileType = sourcecode.swift; path = RoundImageView.swift; sourceTree = "<group>"; };
		64318B7220A1CD8700ADE9F7 /* UIView+Appearance.swift */ = {isa = PBXFileReference; fileEncoding = 4; lastKnownFileType = sourcecode.swift; path = "UIView+Appearance.swift"; sourceTree = "<group>"; };
		64318B7320A1CD8700ADE9F7 /* Segment.swift */ = {isa = PBXFileReference; fileEncoding = 4; lastKnownFileType = sourcecode.swift; path = Segment.swift; sourceTree = "<group>"; };
		64318B7420A1CD8700ADE9F7 /* SegmentOptions.swift */ = {isa = PBXFileReference; fileEncoding = 4; lastKnownFileType = sourcecode.swift; path = SegmentOptions.swift; sourceTree = "<group>"; };
		64318B9320A1CE2400ADE9F7 /* UIConstants.swift */ = {isa = PBXFileReference; fileEncoding = 4; lastKnownFileType = sourcecode.swift; path = UIConstants.swift; sourceTree = "<group>"; };
		64318B9720A1CE8400ADE9F7 /* Authorizable.swift */ = {isa = PBXFileReference; fileEncoding = 4; lastKnownFileType = sourcecode.swift; path = Authorizable.swift; sourceTree = "<group>"; };
		64318B9820A1CE8400ADE9F7 /* Frameable.swift */ = {isa = PBXFileReference; fileEncoding = 4; lastKnownFileType = sourcecode.swift; path = Frameable.swift; sourceTree = "<group>"; };
		6444410520B1B11800308CD4 /* RegisterViewController.swift */ = {isa = PBXFileReference; fileEncoding = 4; lastKnownFileType = sourcecode.swift; path = RegisterViewController.swift; sourceTree = "<group>"; };
		6444410620B1B11900308CD4 /* LoginViewController.swift */ = {isa = PBXFileReference; fileEncoding = 4; lastKnownFileType = sourcecode.swift; path = LoginViewController.swift; sourceTree = "<group>"; };
		6444410920B1B13700308CD4 /* RegisterFormController.swift */ = {isa = PBXFileReference; fileEncoding = 4; lastKnownFileType = sourcecode.swift; path = RegisterFormController.swift; sourceTree = "<group>"; };
		6444410A20B1B13700308CD4 /* LoginFormController.swift */ = {isa = PBXFileReference; fileEncoding = 4; lastKnownFileType = sourcecode.swift; path = LoginFormController.swift; sourceTree = "<group>"; };
		6444410D20B1B18400308CD4 /* AuthErrorCodes.swift */ = {isa = PBXFileReference; fileEncoding = 4; lastKnownFileType = sourcecode.swift; path = AuthErrorCodes.swift; sourceTree = "<group>"; };
		6444410E20B1B18400308CD4 /* Auth.swift */ = {isa = PBXFileReference; fileEncoding = 4; lastKnownFileType = sourcecode.swift; path = Auth.swift; sourceTree = "<group>"; };
		6444411120B1B18A00308CD4 /* Route.swift */ = {isa = PBXFileReference; fileEncoding = 4; lastKnownFileType = sourcecode.swift; path = Route.swift; sourceTree = "<group>"; };
		6444411220B1B18A00308CD4 /* Server.swift */ = {isa = PBXFileReference; fileEncoding = 4; lastKnownFileType = sourcecode.swift; path = Server.swift; sourceTree = "<group>"; };
		6444411920B1B27800308CD4 /* User.swift */ = {isa = PBXFileReference; fileEncoding = 4; lastKnownFileType = sourcecode.swift; path = User.swift; sourceTree = "<group>"; };
		6489F61B20A4BD6700E5B2D6 /* HomeView.swift */ = {isa = PBXFileReference; lastKnownFileType = sourcecode.swift; path = HomeView.swift; sourceTree = "<group>"; };
		64F38FA12099E53400B4D22D /* FIREAIOT.app */ = {isa = PBXFileReference; explicitFileType = wrapper.application; includeInIndex = 0; path = FIREAIOT.app; sourceTree = BUILT_PRODUCTS_DIR; };
		64F38FA42099E53400B4D22D /* AppDelegate.swift */ = {isa = PBXFileReference; lastKnownFileType = sourcecode.swift; path = AppDelegate.swift; sourceTree = "<group>"; };
		64F38FA62099E53400B4D22D /* HomeViewController.swift */ = {isa = PBXFileReference; lastKnownFileType = sourcecode.swift; path = HomeViewController.swift; sourceTree = "<group>"; };
		64F38FAB2099E53400B4D22D /* Assets.xcassets */ = {isa = PBXFileReference; lastKnownFileType = folder.assetcatalog; path = Assets.xcassets; sourceTree = "<group>"; };
		64F38FAE2099E53400B4D22D /* Base */ = {isa = PBXFileReference; lastKnownFileType = file.storyboard; name = Base; path = Base.lproj/LaunchScreen.storyboard; sourceTree = "<group>"; };
		64F38FB02099E53400B4D22D /* Info.plist */ = {isa = PBXFileReference; lastKnownFileType = text.plist.xml; path = Info.plist; sourceTree = "<group>"; };
		80B0DFB100F9012DA9253228 /* Pods_FIREAIOT.framework */ = {isa = PBXFileReference; explicitFileType = wrapper.framework; includeInIndex = 0; path = Pods_FIREAIOT.framework; sourceTree = BUILT_PRODUCTS_DIR; };
/* End PBXFileReference section */

/* Begin PBXFrameworksBuildPhase section */
		64F38F9E2099E53400B4D22D /* Frameworks */ = {
			isa = PBXFrameworksBuildPhase;
			buildActionMask = 2147483647;
			files = (
				1EFE5FD057082A2E2F871E51 /* Pods_FIREAIOT.framework in Frameworks */,
			);
			runOnlyForDeploymentPostprocessing = 0;
		};
/* End PBXFrameworksBuildPhase section */

/* Begin PBXGroup section */
		642CB2182099F89A000DE6D1 /* Extensions */ = {
			isa = PBXGroup;
			children = (
				642CB2192099F89A000DE6D1 /* UIColor.swift */,
				642CB21A2099F89A000DE6D1 /* UINavigationBar.swift */,
				642CB21B2099F89A000DE6D1 /* UIStackView.swift */,
				642CB21C2099F89A000DE6D1 /* UIView.swift */,
				642CB21D2099F89A000DE6D1 /* UserDefaults.swift */,
			);
			path = Extensions;
			sourceTree = "<group>";
		};
		64318B3D20A1CCEF00ADE9F7 /* App */ = {
			isa = PBXGroup;
			children = (
				64F38FA42099E53400B4D22D /* AppDelegate.swift */,
				6444410E20B1B18400308CD4 /* Auth.swift */,
				6444411220B1B18A00308CD4 /* Server.swift */,
				6444411120B1B18A00308CD4 /* Route.swift */,
				6444410D20B1B18400308CD4 /* AuthErrorCodes.swift */,
				642B8EB120B1C05A0080CCE5 /* FireAlarmController.swift */,
			);
			path = App;
			sourceTree = "<group>";
		};
		64318B3E20A1CD0400ADE9F7 /* Controllers */ = {
			isa = PBXGroup;
			children = (
				64318B4D20A1CD2300ADE9F7 /* Core */,
				64F38FA62099E53400B4D22D /* HomeViewController.swift */,
				6444410620B1B11900308CD4 /* LoginViewController.swift */,
				6444410520B1B11800308CD4 /* RegisterViewController.swift */,
			);
			path = Controllers;
			sourceTree = "<group>";
		};
		64318B4D20A1CD2300ADE9F7 /* Core */ = {
			isa = PBXGroup;
			children = (
				64318B4120A1CD1E00ADE9F7 /* Datasource.swift */,
				64318B4020A1CD1E00ADE9F7 /* DatasourceCell.swift */,
				64318B3F20A1CD1E00ADE9F7 /* DatasourceController.swift */,
				64318B4420A1CD1E00ADE9F7 /* DefaultCell.swift */,
				64318B4220A1CD1E00ADE9F7 /* DefaultFooter.swift */,
				64318B4520A1CD1F00ADE9F7 /* DefaultHeader.swift */,
				64318B4320A1CD1E00ADE9F7 /* FormDatasource.swift */,
			);
			path = Core;
			sourceTree = "<group>";
		};
		64318B5020A1CD7200ADE9F7 /* Models */ = {
			isa = PBXGroup;
			children = (
				64318B4E20A1CD6A00ADE9F7 /* Section.swift */,
				6444411920B1B27800308CD4 /* User.swift */,
			);
			path = Models;
			sourceTree = "<group>";
		};
		64318B5120A1CD8500ADE9F7 /* List */ = {
			isa = PBXGroup;
			children = (
				64318B5220A1CD8500ADE9F7 /* List.swift */,
				64318B5320A1CD8500ADE9F7 /* ListItem.swift */,
				64318B5420A1CD8500ADE9F7 /* ListItemCell.swift */,
				64318B5520A1CD8500ADE9F7 /* ListItemIndicator.swift */,
			);
			path = List;
			sourceTree = "<group>";
		};
		64318B5820A1CD8600ADE9F7 /* TextField */ = {
			isa = PBXGroup;
			children = (
				64318B5920A1CD8600ADE9F7 /* TextField.swift */,
			);
			path = TextField;
			sourceTree = "<group>";
		};
		64318B5D20A1CD8600ADE9F7 /* Button */ = {
			isa = PBXGroup;
			children = (
				64318B5E20A1CD8600ADE9F7 /* Button.swift */,
				64318B5F20A1CD8600ADE9F7 /* ButtonTypes.swift */,
			);
			path = Button;
			sourceTree = "<group>";
		};
		64318B6120A1CD8700ADE9F7 /* Segment */ = {
			isa = PBXGroup;
			children = (
				64318B6220A1CD8700ADE9F7 /* Badge */,
				64318B6820A1CD8700ADE9F7 /* Cells */,
				64318B7020A1CD8700ADE9F7 /* Extensions */,
				64318B7320A1CD8700ADE9F7 /* Segment.swift */,
				64318B7420A1CD8700ADE9F7 /* SegmentOptions.swift */,
			);
			path = Segment;
			sourceTree = "<group>";
		};
		64318B6220A1CD8700ADE9F7 /* Badge */ = {
			isa = PBXGroup;
			children = (
				64318B6320A1CD8700ADE9F7 /* BadgeViewPresenter.swift */,
				64318B6420A1CD8700ADE9F7 /* Views */,
			);
			path = Badge;
			sourceTree = "<group>";
		};
		64318B6420A1CD8700ADE9F7 /* Views */ = {
			isa = PBXGroup;
			children = (
				64318B6520A1CD8700ADE9F7 /* BadgeWithCounterView.swift */,
				64318B6620A1CD8700ADE9F7 /* BadgeWithCounterViewBigSized.xib */,
				64318B6720A1CD8700ADE9F7 /* BadgeWithCounterViewStandardSized.xib */,
			);
			path = Views;
			sourceTree = "<group>";
		};
		64318B6820A1CD8700ADE9F7 /* Cells */ = {
			isa = PBXGroup;
			children = (
				64318B6920A1CD8700ADE9F7 /* SegmentCell.swift */,
				64318B6A20A1CD8700ADE9F7 /* SegmentCellWithImage.swift */,
				64318B6B20A1CD8700ADE9F7 /* SegmentCellWithImageAfterLabel.swift */,
				64318B6C20A1CD8700ADE9F7 /* SegmentCellWithImageBeforeLabel.swift */,
				64318B6D20A1CD8700ADE9F7 /* SegmentCellWithImageOverLabel.swift */,
				64318B6E20A1CD8700ADE9F7 /* SegmentCellWithImageUnderLabel.swift */,
				64318B6F20A1CD8700ADE9F7 /* SegmentCellWithLabel.swift */,
			);
			path = Cells;
			sourceTree = "<group>";
		};
		64318B7020A1CD8700ADE9F7 /* Extensions */ = {
			isa = PBXGroup;
			children = (
				64318B7120A1CD8700ADE9F7 /* RoundImageView.swift */,
				64318B7220A1CD8700ADE9F7 /* UIView+Appearance.swift */,
			);
			path = Extensions;
			sourceTree = "<group>";
		};
		64318B9120A1CD9300ADE9F7 /* Views */ = {
			isa = PBXGroup;
			children = (
				64318B9220A1CDA500ADE9F7 /* Core */,
				6489F61B20A4BD6700E5B2D6 /* HomeView.swift */,
				6444410A20B1B13700308CD4 /* LoginFormController.swift */,
				6444410920B1B13700308CD4 /* RegisterFormController.swift */,
			);
			path = Views;
			sourceTree = "<group>";
		};
		64318B9220A1CDA500ADE9F7 /* Core */ = {
			isa = PBXGroup;
			children = (
				64318B5620A1CD8500ADE9F7 /* BaseTableViewCell.swift */,
				64318B5B20A1CD8600ADE9F7 /* BaseView.swift */,
				64318B5D20A1CD8600ADE9F7 /* Button */,
				64318B5C20A1CD8600ADE9F7 /* HorizontalDevider.swift */,
				64318B6020A1CD8700ADE9F7 /* Label.swift */,
				64318B5120A1CD8500ADE9F7 /* List */,
				64318B6120A1CD8700ADE9F7 /* Segment */,
				64318B5720A1CD8500ADE9F7 /* Spacer.swift */,
				64318B5820A1CD8600ADE9F7 /* TextField */,
				64318B5A20A1CD8600ADE9F7 /* TextView.swift */,
			);
			path = Core;
			sourceTree = "<group>";
		};
		64318B9520A1CE3400ADE9F7 /* Helpers */ = {
			isa = PBXGroup;
			children = (
				64318B9320A1CE2400ADE9F7 /* UIConstants.swift */,
			);
			path = Helpers;
			sourceTree = "<group>";
		};
		64318B9620A1CE8400ADE9F7 /* Protocols */ = {
			isa = PBXGroup;
			children = (
				64318B9720A1CE8400ADE9F7 /* Authorizable.swift */,
				64318B9820A1CE8400ADE9F7 /* Frameable.swift */,
			);
			path = Protocols;
			sourceTree = "<group>";
		};
		64F38F982099E53400B4D22D = {
			isa = PBXGroup;
			children = (
				64F38FA32099E53400B4D22D /* FIREAIOT */,
				64F38FA22099E53400B4D22D /* Products */,
				FEAE2092B1E7169B4BA87A17 /* Pods */,
				F11EC5EDBE0ABE071B3BFB22 /* Frameworks */,
			);
			sourceTree = "<group>";
		};
		64F38FA22099E53400B4D22D /* Products */ = {
			isa = PBXGroup;
			children = (
				64F38FA12099E53400B4D22D /* FIREAIOT.app */,
			);
			name = Products;
			sourceTree = "<group>";
		};
		64F38FA32099E53400B4D22D /* FIREAIOT */ = {
			isa = PBXGroup;
			children = (
				64318B3D20A1CCEF00ADE9F7 /* App */,
				64318B3E20A1CD0400ADE9F7 /* Controllers */,
				64318B5020A1CD7200ADE9F7 /* Models */,
				64318B9120A1CD9300ADE9F7 /* Views */,
				64318B9520A1CE3400ADE9F7 /* Helpers */,
				64318B9620A1CE8400ADE9F7 /* Protocols */,
				642CB2182099F89A000DE6D1 /* Extensions */,
				64F38FAB2099E53400B4D22D /* Assets.xcassets */,
				64F38FAD2099E53400B4D22D /* LaunchScreen.storyboard */,
				64F38FB02099E53400B4D22D /* Info.plist */,
				64318B3B20A1CB8A00ADE9F7 /* Env.swift */,
			);
			path = FIREAIOT;
			sourceTree = "<group>";
		};
		F11EC5EDBE0ABE071B3BFB22 /* Frameworks */ = {
			isa = PBXGroup;
			children = (
				80B0DFB100F9012DA9253228 /* Pods_FIREAIOT.framework */,
			);
			name = Frameworks;
			sourceTree = "<group>";
		};
		FEAE2092B1E7169B4BA87A17 /* Pods */ = {
			isa = PBXGroup;
			children = (
				3A84A11FFB7EA3BFEB9BAD66 /* Pods-FIREAIOT.debug.xcconfig */,
				2C5ADDED66FC667324619CFA /* Pods-FIREAIOT.release.xcconfig */,
			);
			name = Pods;
			sourceTree = "<group>";
		};
/* End PBXGroup section */

/* Begin PBXNativeTarget section */
		64F38FA02099E53400B4D22D /* FIREAIOT */ = {
			isa = PBXNativeTarget;
			buildConfigurationList = 64F38FB32099E53400B4D22D /* Build configuration list for PBXNativeTarget "FIREAIOT" */;
			buildPhases = (
				6D3A6695A5FE29155E1A9273 /* [CP] Check Pods Manifest.lock */,
				64F38F9D2099E53400B4D22D /* Sources */,
				64F38F9E2099E53400B4D22D /* Frameworks */,
				64F38F9F2099E53400B4D22D /* Resources */,
				07D828666456B4F7D3FA53BB /* [CP] Embed Pods Frameworks */,
				F8F2288DCDADEFCCCE3EF4F6 /* [CP] Copy Pods Resources */,
			);
			buildRules = (
			);
			dependencies = (
			);
			name = FIREAIOT;
			productName = FIREAIOT;
			productReference = 64F38FA12099E53400B4D22D /* FIREAIOT.app */;
			productType = "com.apple.product-type.application";
		};
/* End PBXNativeTarget section */

/* Begin PBXProject section */
		64F38F992099E53400B4D22D /* Project object */ = {
			isa = PBXProject;
			attributes = {
				LastSwiftUpdateCheck = 0920;
				LastUpgradeCheck = 0920;
				ORGANIZATIONNAME = "Binary Torch";
				TargetAttributes = {
					64F38FA02099E53400B4D22D = {
						CreatedOnToolsVersion = 9.2;
						ProvisioningStyle = Automatic;
						SystemCapabilities = {
							com.apple.BackgroundModes = {
								enabled = 1;
							};
						};
					};
				};
			};
			buildConfigurationList = 64F38F9C2099E53400B4D22D /* Build configuration list for PBXProject "FIREAIOT" */;
			compatibilityVersion = "Xcode 8.0";
			developmentRegion = en;
			hasScannedForEncodings = 0;
			knownRegions = (
				en,
				Base,
			);
			mainGroup = 64F38F982099E53400B4D22D;
			productRefGroup = 64F38FA22099E53400B4D22D /* Products */;
			projectDirPath = "";
			projectRoot = "";
			targets = (
				64F38FA02099E53400B4D22D /* FIREAIOT */,
			);
		};
/* End PBXProject section */

/* Begin PBXResourcesBuildPhase section */
		64F38F9F2099E53400B4D22D /* Resources */ = {
			isa = PBXResourcesBuildPhase;
			buildActionMask = 2147483647;
			files = (
				64318B8520A1CD8700ADE9F7 /* BadgeWithCounterViewStandardSized.xib in Resources */,
				64F38FAF2099E53400B4D22D /* LaunchScreen.storyboard in Resources */,
				64F38FAC2099E53400B4D22D /* Assets.xcassets in Resources */,
				64318B8420A1CD8700ADE9F7 /* BadgeWithCounterViewBigSized.xib in Resources */,
			);
			runOnlyForDeploymentPostprocessing = 0;
		};
/* End PBXResourcesBuildPhase section */

/* Begin PBXShellScriptBuildPhase section */
		07D828666456B4F7D3FA53BB /* [CP] Embed Pods Frameworks */ = {
			isa = PBXShellScriptBuildPhase;
			buildActionMask = 2147483647;
			files = (
			);
			inputPaths = (
			);
			name = "[CP] Embed Pods Frameworks";
			outputPaths = (
			);
			runOnlyForDeploymentPostprocessing = 0;
			shellPath = /bin/sh;
			shellScript = "\"${SRCROOT}/Pods/Target Support Files/Pods-FIREAIOT/Pods-FIREAIOT-frameworks.sh\"\n";
			showEnvVarsInLog = 0;
		};
		6D3A6695A5FE29155E1A9273 /* [CP] Check Pods Manifest.lock */ = {
			isa = PBXShellScriptBuildPhase;
			buildActionMask = 2147483647;
			files = (
			);
			inputPaths = (
			);
			name = "[CP] Check Pods Manifest.lock";
			outputPaths = (
			);
			runOnlyForDeploymentPostprocessing = 0;
			shellPath = /bin/sh;
			shellScript = "diff \"${PODS_PODFILE_DIR_PATH}/Podfile.lock\" \"${PODS_ROOT}/Manifest.lock\" > /dev/null\nif [ $? != 0 ] ; then\n    # print error to STDERR\n    echo \"error: The sandbox is not in sync with the Podfile.lock. Run 'pod install' or update your CocoaPods installation.\" >&2\n    exit 1\nfi\n";
			showEnvVarsInLog = 0;
		};
		F8F2288DCDADEFCCCE3EF4F6 /* [CP] Copy Pods Resources */ = {
			isa = PBXShellScriptBuildPhase;
			buildActionMask = 2147483647;
			files = (
			);
			inputPaths = (
			);
			name = "[CP] Copy Pods Resources";
			outputPaths = (
			);
			runOnlyForDeploymentPostprocessing = 0;
			shellPath = /bin/sh;
			shellScript = "\"${SRCROOT}/Pods/Target Support Files/Pods-FIREAIOT/Pods-FIREAIOT-resources.sh\"\n";
			showEnvVarsInLog = 0;
		};
/* End PBXShellScriptBuildPhase section */

/* Begin PBXSourcesBuildPhase section */
		64F38F9D2099E53400B4D22D /* Sources */ = {
			isa = PBXSourcesBuildPhase;
			buildActionMask = 2147483647;
			files = (
				64318B9020A1CD8700ADE9F7 /* SegmentOptions.swift in Sources */,
				64318B4A20A1CD1F00ADE9F7 /* FormDatasource.swift in Sources */,
				64F38FA72099E53400B4D22D /* HomeViewController.swift in Sources */,
				64318B7B20A1CD8700ADE9F7 /* TextField.swift in Sources */,
				642CB21E2099F89A000DE6D1 /* UIColor.swift in Sources */,
				64318B8F20A1CD8700ADE9F7 /* Segment.swift in Sources */,
				64318B4920A1CD1F00ADE9F7 /* DefaultFooter.swift in Sources */,
				64318B8920A1CD8700ADE9F7 /* SegmentCellWithImageBeforeLabel.swift in Sources */,
				64318B7920A1CD8700ADE9F7 /* BaseTableViewCell.swift in Sources */,
				64318B7A20A1CD8700ADE9F7 /* Spacer.swift in Sources */,
				64318B7E20A1CD8700ADE9F7 /* HorizontalDevider.swift in Sources */,
				642B8EB220B1C05A0080CCE5 /* FireAlarmController.swift in Sources */,
				64318B7520A1CD8700ADE9F7 /* List.swift in Sources */,
				6444410820B1B11900308CD4 /* LoginViewController.swift in Sources */,
				64318B4620A1CD1F00ADE9F7 /* DatasourceController.swift in Sources */,
				64318B7C20A1CD8700ADE9F7 /* TextView.swift in Sources */,
				64318B8220A1CD8700ADE9F7 /* BadgeViewPresenter.swift in Sources */,
				642CB2202099F89A000DE6D1 /* UIStackView.swift in Sources */,
				64318B4C20A1CD1F00ADE9F7 /* DefaultHeader.swift in Sources */,
				64318B7D20A1CD8700ADE9F7 /* BaseView.swift in Sources */,
				6444410B20B1B13700308CD4 /* RegisterFormController.swift in Sources */,
				64318B8720A1CD8700ADE9F7 /* SegmentCellWithImage.swift in Sources */,
				6444411E20B1B27800308CD4 /* User.swift in Sources */,
				6444411320B1B18A00308CD4 /* Route.swift in Sources */,
				64318B7720A1CD8700ADE9F7 /* ListItemCell.swift in Sources */,
				64318B8120A1CD8700ADE9F7 /* Label.swift in Sources */,
				6489F61C20A4BD6700E5B2D6 /* HomeView.swift in Sources */,
				64318B4720A1CD1F00ADE9F7 /* DatasourceCell.swift in Sources */,
				64318B7F20A1CD8700ADE9F7 /* Button.swift in Sources */,
				64318B4B20A1CD1F00ADE9F7 /* DefaultCell.swift in Sources */,
				64F38FA52099E53400B4D22D /* AppDelegate.swift in Sources */,
				642CB2212099F89A000DE6D1 /* UIView.swift in Sources */,
				64318B8A20A1CD8700ADE9F7 /* SegmentCellWithImageOverLabel.swift in Sources */,
				64318B7620A1CD8700ADE9F7 /* ListItem.swift in Sources */,
				6444410720B1B11900308CD4 /* RegisterViewController.swift in Sources */,
				64318B8020A1CD8700ADE9F7 /* ButtonTypes.swift in Sources */,
				6444411420B1B18A00308CD4 /* Server.swift in Sources */,
				64318B4820A1CD1F00ADE9F7 /* Datasource.swift in Sources */,
				64318B8B20A1CD8700ADE9F7 /* SegmentCellWithImageUnderLabel.swift in Sources */,
				64318B9420A1CE2400ADE9F7 /* UIConstants.swift in Sources */,
				64318B8320A1CD8700ADE9F7 /* BadgeWithCounterView.swift in Sources */,
				64318B8820A1CD8700ADE9F7 /* SegmentCellWithImageAfterLabel.swift in Sources */,
				64318B3C20A1CB8A00ADE9F7 /* Env.swift in Sources */,
				6444411020B1B18400308CD4 /* Auth.swift in Sources */,
				64318B4F20A1CD6A00ADE9F7 /* Section.swift in Sources */,
				642CB2222099F89A000DE6D1 /* UserDefaults.swift in Sources */,
				6444410F20B1B18400308CD4 /* AuthErrorCodes.swift in Sources */,
				64318B9A20A1CE8400ADE9F7 /* Frameable.swift in Sources */,
				64318B7820A1CD8700ADE9F7 /* ListItemIndicator.swift in Sources */,
				642CB21F2099F89A000DE6D1 /* UINavigationBar.swift in Sources */,
				64318B8C20A1CD8700ADE9F7 /* SegmentCellWithLabel.swift in Sources */,
				64318B8620A1CD8700ADE9F7 /* SegmentCell.swift in Sources */,
				64318B8E20A1CD8700ADE9F7 /* UIView+Appearance.swift in Sources */,
				64318B8D20A1CD8700ADE9F7 /* RoundImageView.swift in Sources */,
				64318B9920A1CE8400ADE9F7 /* Authorizable.swift in Sources */,
				6444410C20B1B13700308CD4 /* LoginFormController.swift in Sources */,
			);
			runOnlyForDeploymentPostprocessing = 0;
		};
/* End PBXSourcesBuildPhase section */

/* Begin PBXVariantGroup section */
		64F38FAD2099E53400B4D22D /* LaunchScreen.storyboard */ = {
			isa = PBXVariantGroup;
			children = (
				64F38FAE2099E53400B4D22D /* Base */,
			);
			name = LaunchScreen.storyboard;
			sourceTree = "<group>";
		};
/* End PBXVariantGroup section */

/* Begin XCBuildConfiguration section */
		64F38FB12099E53400B4D22D /* Debug */ = {
			isa = XCBuildConfiguration;
			buildSettings = {
				ALWAYS_SEARCH_USER_PATHS = NO;
				CLANG_ANALYZER_NONNULL = YES;
				CLANG_ANALYZER_NUMBER_OBJECT_CONVERSION = YES_AGGRESSIVE;
				CLANG_CXX_LANGUAGE_STANDARD = "gnu++14";
				CLANG_CXX_LIBRARY = "libc++";
				CLANG_ENABLE_MODULES = YES;
				CLANG_ENABLE_OBJC_ARC = YES;
				CLANG_WARN_BLOCK_CAPTURE_AUTORELEASING = YES;
				CLANG_WARN_BOOL_CONVERSION = YES;
				CLANG_WARN_COMMA = YES;
				CLANG_WARN_CONSTANT_CONVERSION = YES;
				CLANG_WARN_DIRECT_OBJC_ISA_USAGE = YES_ERROR;
				CLANG_WARN_DOCUMENTATION_COMMENTS = YES;
				CLANG_WARN_EMPTY_BODY = YES;
				CLANG_WARN_ENUM_CONVERSION = YES;
				CLANG_WARN_INFINITE_RECURSION = YES;
				CLANG_WARN_INT_CONVERSION = YES;
				CLANG_WARN_NON_LITERAL_NULL_CONVERSION = YES;
				CLANG_WARN_OBJC_LITERAL_CONVERSION = YES;
				CLANG_WARN_OBJC_ROOT_CLASS = YES_ERROR;
				CLANG_WARN_RANGE_LOOP_ANALYSIS = YES;
				CLANG_WARN_STRICT_PROTOTYPES = YES;
				CLANG_WARN_SUSPICIOUS_MOVE = YES;
				CLANG_WARN_UNGUARDED_AVAILABILITY = YES_AGGRESSIVE;
				CLANG_WARN_UNREACHABLE_CODE = YES;
				CLANG_WARN__DUPLICATE_METHOD_MATCH = YES;
				CODE_SIGN_IDENTITY = "iPhone Developer";
				COPY_PHASE_STRIP = NO;
				DEBUG_INFORMATION_FORMAT = dwarf;
				ENABLE_STRICT_OBJC_MSGSEND = YES;
				ENABLE_TESTABILITY = YES;
				GCC_C_LANGUAGE_STANDARD = gnu11;
				GCC_DYNAMIC_NO_PIC = NO;
				GCC_NO_COMMON_BLOCKS = YES;
				GCC_OPTIMIZATION_LEVEL = 0;
				GCC_PREPROCESSOR_DEFINITIONS = (
					"DEBUG=1",
					"$(inherited)",
				);
				GCC_WARN_64_TO_32_BIT_CONVERSION = YES;
				GCC_WARN_ABOUT_RETURN_TYPE = YES_ERROR;
				GCC_WARN_UNDECLARED_SELECTOR = YES;
				GCC_WARN_UNINITIALIZED_AUTOS = YES_AGGRESSIVE;
				GCC_WARN_UNUSED_FUNCTION = YES;
				GCC_WARN_UNUSED_VARIABLE = YES;
				IPHONEOS_DEPLOYMENT_TARGET = 11.2;
				MTL_ENABLE_DEBUG_INFO = YES;
				ONLY_ACTIVE_ARCH = YES;
				SDKROOT = iphoneos;
				SWIFT_ACTIVE_COMPILATION_CONDITIONS = DEBUG;
				SWIFT_OPTIMIZATION_LEVEL = "-Onone";
			};
			name = Debug;
		};
		64F38FB22099E53400B4D22D /* Release */ = {
			isa = XCBuildConfiguration;
			buildSettings = {
				ALWAYS_SEARCH_USER_PATHS = NO;
				CLANG_ANALYZER_NONNULL = YES;
				CLANG_ANALYZER_NUMBER_OBJECT_CONVERSION = YES_AGGRESSIVE;
				CLANG_CXX_LANGUAGE_STANDARD = "gnu++14";
				CLANG_CXX_LIBRARY = "libc++";
				CLANG_ENABLE_MODULES = YES;
				CLANG_ENABLE_OBJC_ARC = YES;
				CLANG_WARN_BLOCK_CAPTURE_AUTORELEASING = YES;
				CLANG_WARN_BOOL_CONVERSION = YES;
				CLANG_WARN_COMMA = YES;
				CLANG_WARN_CONSTANT_CONVERSION = YES;
				CLANG_WARN_DIRECT_OBJC_ISA_USAGE = YES_ERROR;
				CLANG_WARN_DOCUMENTATION_COMMENTS = YES;
				CLANG_WARN_EMPTY_BODY = YES;
				CLANG_WARN_ENUM_CONVERSION = YES;
				CLANG_WARN_INFINITE_RECURSION = YES;
				CLANG_WARN_INT_CONVERSION = YES;
				CLANG_WARN_NON_LITERAL_NULL_CONVERSION = YES;
				CLANG_WARN_OBJC_LITERAL_CONVERSION = YES;
				CLANG_WARN_OBJC_ROOT_CLASS = YES_ERROR;
				CLANG_WARN_RANGE_LOOP_ANALYSIS = YES;
				CLANG_WARN_STRICT_PROTOTYPES = YES;
				CLANG_WARN_SUSPICIOUS_MOVE = YES;
				CLANG_WARN_UNGUARDED_AVAILABILITY = YES_AGGRESSIVE;
				CLANG_WARN_UNREACHABLE_CODE = YES;
				CLANG_WARN__DUPLICATE_METHOD_MATCH = YES;
				CODE_SIGN_IDENTITY = "iPhone Developer";
				COPY_PHASE_STRIP = NO;
				DEBUG_INFORMATION_FORMAT = "dwarf-with-dsym";
				ENABLE_NS_ASSERTIONS = NO;
				ENABLE_STRICT_OBJC_MSGSEND = YES;
				GCC_C_LANGUAGE_STANDARD = gnu11;
				GCC_NO_COMMON_BLOCKS = YES;
				GCC_WARN_64_TO_32_BIT_CONVERSION = YES;
				GCC_WARN_ABOUT_RETURN_TYPE = YES_ERROR;
				GCC_WARN_UNDECLARED_SELECTOR = YES;
				GCC_WARN_UNINITIALIZED_AUTOS = YES_AGGRESSIVE;
				GCC_WARN_UNUSED_FUNCTION = YES;
				GCC_WARN_UNUSED_VARIABLE = YES;
				IPHONEOS_DEPLOYMENT_TARGET = 11.2;
				MTL_ENABLE_DEBUG_INFO = NO;
				SDKROOT = iphoneos;
				SWIFT_OPTIMIZATION_LEVEL = "-Owholemodule";
				VALIDATE_PRODUCT = YES;
			};
			name = Release;
		};
		64F38FB42099E53400B4D22D /* Debug */ = {
			isa = XCBuildConfiguration;
			baseConfigurationReference = 3A84A11FFB7EA3BFEB9BAD66 /* Pods-FIREAIOT.debug.xcconfig */;
			buildSettings = {
				ASSETCATALOG_COMPILER_APPICON_NAME = AppIcon;
				CODE_SIGN_STYLE = Automatic;
				DEVELOPMENT_TEAM = 92KJKUJ325;
				INFOPLIST_FILE = FIREAIOT/Info.plist;
				IPHONEOS_DEPLOYMENT_TARGET = 11.1;
				LD_RUNPATH_SEARCH_PATHS = "$(inherited) @executable_path/Frameworks";
				PRODUCT_BUNDLE_IDENTIFIER = com.binarytorch.FIREAIOT;
				PRODUCT_NAME = "$(TARGET_NAME)";
				SWIFT_VERSION = 4.0;
				TARGETED_DEVICE_FAMILY = 1;
			};
			name = Debug;
		};
		64F38FB52099E53400B4D22D /* Release */ = {
			isa = XCBuildConfiguration;
			baseConfigurationReference = 2C5ADDED66FC667324619CFA /* Pods-FIREAIOT.release.xcconfig */;
			buildSettings = {
				ASSETCATALOG_COMPILER_APPICON_NAME = AppIcon;
				CODE_SIGN_STYLE = Automatic;
				DEVELOPMENT_TEAM = 92KJKUJ325;
				INFOPLIST_FILE = FIREAIOT/Info.plist;
				IPHONEOS_DEPLOYMENT_TARGET = 11.1;
				LD_RUNPATH_SEARCH_PATHS = "$(inherited) @executable_path/Frameworks";
				PRODUCT_BUNDLE_IDENTIFIER = com.binarytorch.FIREAIOT;
				PRODUCT_NAME = "$(TARGET_NAME)";
				SWIFT_VERSION = 4.0;
				TARGETED_DEVICE_FAMILY = 1;
			};
			name = Release;
		};
/* End XCBuildConfiguration section */

/* Begin XCConfigurationList section */
		64F38F9C2099E53400B4D22D /* Build configuration list for PBXProject "FIREAIOT" */ = {
			isa = XCConfigurationList;
			buildConfigurations = (
				64F38FB12099E53400B4D22D /* Debug */,
				64F38FB22099E53400B4D22D /* Release */,
			);
			defaultConfigurationIsVisible = 0;
			defaultConfigurationName = Release;
		};
		64F38FB32099E53400B4D22D /* Build configuration list for PBXNativeTarget "FIREAIOT" */ = {
			isa = XCConfigurationList;
			buildConfigurations = (
				64F38FB42099E53400B4D22D /* Debug */,
				64F38FB52099E53400B4D22D /* Release */,
			);
			defaultConfigurationIsVisible = 0;
			defaultConfigurationName = Release;
		};
/* End XCConfigurationList section */
	};
	rootObject = 64F38F992099E53400B4D22D /* Project object */;
}
